
Microsoft Visual Studio Solution File, Format Version 12.00
# Visual Studio Version 16
VisualStudioVersion = 16.0.31229.75
MinimumVisualStudioVersion = 10.0.40219.1
Project("{9A19103F-16F7-4668-BE54-9A1E7A4F7556}") = "SerialPortTest", "SerialPortTest\SerialPortTest.csproj", "{97D22323-6193-47D2-8984-C0EA925BD87A}"
EndProject
Project("{9A19103F-16F7-4668-BE54-9A1E7A4F7556}") = "SerialPortApplication", "SerialPortApplication\SerialPortApplication.csproj", "{058F5295-482F-49B5-B542-79153CACE06F}"
EndProject
Global
	GlobalSection(SolutionConfigurationPlatforms) = preSolution
		Debug|Any CPU = Debug|Any CPU
		Release|Any CPU = Release|Any CPU
	EndGlobalSection
	GlobalSection(ProjectConfigurationPlatforms) = postSolution
		{97D22323-6193-47D2-8984-C0EA925BD87A}.Debug|Any CPU.ActiveCfg = Debug|Any CPU
		{97D22323-6193-47D2-8984-C0EA925BD87A}.Debug|Any CPU.Build.0 = Debug|Any CPU
		{97D22323-6193-47D2-8984-C0EA925BD87A}.Release|Any CPU.ActiveCfg = Release|Any CPU
		{97D22323-6193-47D2-8984-C0EA925BD87A}.Release|Any CPU.Build.0 = Release|Any CPU
		{058F5295-482F-49B5-B542-79153CACE06F}.Debug|Any CPU.ActiveCfg = Debug|Any CPU
		{058F5295-482F-49B5-B542-79153CACE06F}.Debug|Any CPU.Build.0 = Debug|Any CPU
		{058F5295-482F-49B5-B542-79153CACE06F}.Release|Any CPU.ActiveCfg = Release|Any CPU
		{058F5295-482F-49B5-B542-79153CACE06F}.Release|Any CPU.Build.0 = Release|Any CPU
	EndGlobalSection
	GlobalSection(SolutionProperties) = preSolution
		HideSolutionNode = FALSE
	EndGlobalSection
	GlobalSection(ExtensibilityGlobals) = postSolution
		SolutionGuid = {3E5E6A7E-06DB-45F8-96B8-C66B6F1C81F2}
	EndGlobalSection
EndGlobal
